// !$*UTF8*$!
{
	archiveVersion = 1;
	classes = {
	};
	objectVersion = 55;
	objects = {

/* Begin PBXBuildFile section */
		C2057FE528608890009F992E /* Match.swift in Sources */ = {isa = PBXBuildFile; fileRef = C2057FE128608890009F992E /* Match.swift */; };
		C2057FE628608890009F992E /* Position.swift in Sources */ = {isa = PBXBuildFile; fileRef = C2057FE228608890009F992E /* Position.swift */; };
		C2057FE728608890009F992E /* Board.swift in Sources */ = {isa = PBXBuildFile; fileRef = C2057FE328608890009F992E /* Board.swift */; };
		C2057FE828608890009F992E /* Player.swift in Sources */ = {isa = PBXBuildFile; fileRef = C2057FE428608890009F992E /* Player.swift */; };
		C2057FEC286088F6009F992E /* PieceType.swift in Sources */ = {isa = PBXBuildFile; fileRef = C2057FEB286088F6009F992E /* PieceType.swift */; };
		C2057FEE28608918009F992E /* Movable.swift in Sources */ = {isa = PBXBuildFile; fileRef = C2057FED28608918009F992E /* Movable.swift */; };
		C2057FEF28608966009F992E /* Match.swift in Sources */ = {isa = PBXBuildFile; fileRef = C2057FE128608890009F992E /* Match.swift */; };
		C2057FF02860897F009F992E /* Board.swift in Sources */ = {isa = PBXBuildFile; fileRef = C2057FE328608890009F992E /* Board.swift */; };
		C2057FF128608982009F992E /* Player.swift in Sources */ = {isa = PBXBuildFile; fileRef = C2057FE428608890009F992E /* Player.swift */; };
		C2057FF228608984009F992E /* Position.swift in Sources */ = {isa = PBXBuildFile; fileRef = C2057FE228608890009F992E /* Position.swift */; };
		C2057FF328608986009F992E /* Movable.swift in Sources */ = {isa = PBXBuildFile; fileRef = C2057FED28608918009F992E /* Movable.swift */; };
		C2057FF428608988009F992E /* PieceType.swift in Sources */ = {isa = PBXBuildFile; fileRef = C2057FEB286088F6009F992E /* PieceType.swift */; };
		C24D52942861A0B800E4730D /* Pawn.swift in Sources */ = {isa = PBXBuildFile; fileRef = C2E228182861587F00BF657F /* Pawn.swift */; };
		C24D52962861A65200E4730D /* Bishop.swift in Sources */ = {isa = PBXBuildFile; fileRef = C24D52952861A65200E4730D /* Bishop.swift */; };
		C2CDFAB32860876E003F79DB /* AppDelegate.swift in Sources */ = {isa = PBXBuildFile; fileRef = C2CDFAB22860876E003F79DB /* AppDelegate.swift */; };
		C2CDFAB52860876E003F79DB /* SceneDelegate.swift in Sources */ = {isa = PBXBuildFile; fileRef = C2CDFAB42860876E003F79DB /* SceneDelegate.swift */; };
		C2CDFAB72860876E003F79DB /* ViewController.swift in Sources */ = {isa = PBXBuildFile; fileRef = C2CDFAB62860876E003F79DB /* ViewController.swift */; };
		C2CDFABA2860876E003F79DB /* Main.storyboard in Resources */ = {isa = PBXBuildFile; fileRef = C2CDFAB82860876E003F79DB /* Main.storyboard */; };
		C2CDFABC28608770003F79DB /* Assets.xcassets in Resources */ = {isa = PBXBuildFile; fileRef = C2CDFABB28608770003F79DB /* Assets.xcassets */; };
		C2CDFABF28608770003F79DB /* LaunchScreen.storyboard in Resources */ = {isa = PBXBuildFile; fileRef = C2CDFABD28608770003F79DB /* LaunchScreen.storyboard */; };
		C2CDFACA28608770003F79DB /* ChessGameTests.swift in Sources */ = {isa = PBXBuildFile; fileRef = C2CDFAC928608770003F79DB /* ChessGameTests.swift */; };
		C2CDFAD428608770003F79DB /* ChessGameUITests.swift in Sources */ = {isa = PBXBuildFile; fileRef = C2CDFAD328608770003F79DB /* ChessGameUITests.swift */; };
		C2CDFAD628608770003F79DB /* ChessGameUITestsLaunchTests.swift in Sources */ = {isa = PBXBuildFile; fileRef = C2CDFAD528608770003F79DB /* ChessGameUITestsLaunchTests.swift */; };
		C2E228192861587F00BF657F /* Pawn.swift in Sources */ = {isa = PBXBuildFile; fileRef = C2E228182861587F00BF657F /* Pawn.swift */; };
		C2E2282328615D6200BF657F /* StringConverter.swift in Sources */ = {isa = PBXBuildFile; fileRef = C2E2282228615D6200BF657F /* StringConverter.swift */; };
		C2E2282428615D6300BF657F /* StringConverter.swift in Sources */ = {isa = PBXBuildFile; fileRef = C2E2282228615D6200BF657F /* StringConverter.swift */; };
/* End PBXBuildFile section */

/* Begin PBXContainerItemProxy section */
		C2CDFAC628608770003F79DB /* PBXContainerItemProxy */ = {
			isa = PBXContainerItemProxy;
			containerPortal = C2CDFAA72860876E003F79DB /* Project object */;
			proxyType = 1;
			remoteGlobalIDString = C2CDFAAE2860876E003F79DB;
			remoteInfo = ChessGame;
		};
		C2CDFAD028608770003F79DB /* PBXContainerItemProxy */ = {
			isa = PBXContainerItemProxy;
			containerPortal = C2CDFAA72860876E003F79DB /* Project object */;
			proxyType = 1;
			remoteGlobalIDString = C2CDFAAE2860876E003F79DB;
			remoteInfo = ChessGame;
		};
/* End PBXContainerItemProxy section */

/* Begin PBXFileReference section */
		C2057FE128608890009F992E /* Match.swift */ = {isa = PBXFileReference; fileEncoding = 4; lastKnownFileType = sourcecode.swift; path = Match.swift; sourceTree = "<group>"; };
		C2057FE228608890009F992E /* Position.swift */ = {isa = PBXFileReference; fileEncoding = 4; lastKnownFileType = sourcecode.swift; path = Position.swift; sourceTree = "<group>"; };
		C2057FE328608890009F992E /* Board.swift */ = {isa = PBXFileReference; fileEncoding = 4; lastKnownFileType = sourcecode.swift; path = Board.swift; sourceTree = "<group>"; };
		C2057FE428608890009F992E /* Player.swift */ = {isa = PBXFileReference; fileEncoding = 4; lastKnownFileType = sourcecode.swift; path = Player.swift; sourceTree = "<group>"; };
		C2057FEB286088F6009F992E /* PieceType.swift */ = {isa = PBXFileReference; lastKnownFileType = sourcecode.swift; path = PieceType.swift; sourceTree = "<group>"; };
		C2057FED28608918009F992E /* Movable.swift */ = {isa = PBXFileReference; lastKnownFileType = sourcecode.swift; path = Movable.swift; sourceTree = "<group>"; };
		C24D52952861A65200E4730D /* Bishop.swift */ = {isa = PBXFileReference; lastKnownFileType = sourcecode.swift; path = Bishop.swift; sourceTree = "<group>"; };
		C2CDFAAF2860876E003F79DB /* ChessGame.app */ = {isa = PBXFileReference; explicitFileType = wrapper.application; includeInIndex = 0; path = ChessGame.app; sourceTree = BUILT_PRODUCTS_DIR; };
		C2CDFAB22860876E003F79DB /* AppDelegate.swift */ = {isa = PBXFileReference; lastKnownFileType = sourcecode.swift; path = AppDelegate.swift; sourceTree = "<group>"; };
		C2CDFAB42860876E003F79DB /* SceneDelegate.swift */ = {isa = PBXFileReference; lastKnownFileType = sourcecode.swift; path = SceneDelegate.swift; sourceTree = "<group>"; };
		C2CDFAB62860876E003F79DB /* ViewController.swift */ = {isa = PBXFileReference; lastKnownFileType = sourcecode.swift; path = ViewController.swift; sourceTree = "<group>"; };
		C2CDFAB92860876E003F79DB /* Base */ = {isa = PBXFileReference; lastKnownFileType = file.storyboard; name = Base; path = Base.lproj/Main.storyboard; sourceTree = "<group>"; };
		C2CDFABB28608770003F79DB /* Assets.xcassets */ = {isa = PBXFileReference; lastKnownFileType = folder.assetcatalog; path = Assets.xcassets; sourceTree = "<group>"; };
		C2CDFABE28608770003F79DB /* Base */ = {isa = PBXFileReference; lastKnownFileType = file.storyboard; name = Base; path = Base.lproj/LaunchScreen.storyboard; sourceTree = "<group>"; };
		C2CDFAC028608770003F79DB /* Info.plist */ = {isa = PBXFileReference; lastKnownFileType = text.plist.xml; path = Info.plist; sourceTree = "<group>"; };
		C2CDFAC528608770003F79DB /* ChessGameTests.xctest */ = {isa = PBXFileReference; explicitFileType = wrapper.cfbundle; includeInIndex = 0; path = ChessGameTests.xctest; sourceTree = BUILT_PRODUCTS_DIR; };
		C2CDFAC928608770003F79DB /* ChessGameTests.swift */ = {isa = PBXFileReference; lastKnownFileType = sourcecode.swift; path = ChessGameTests.swift; sourceTree = "<group>"; };
		C2CDFACF28608770003F79DB /* ChessGameUITests.xctest */ = {isa = PBXFileReference; explicitFileType = wrapper.cfbundle; includeInIndex = 0; path = ChessGameUITests.xctest; sourceTree = BUILT_PRODUCTS_DIR; };
		C2CDFAD328608770003F79DB /* ChessGameUITests.swift */ = {isa = PBXFileReference; lastKnownFileType = sourcecode.swift; path = ChessGameUITests.swift; sourceTree = "<group>"; };
		C2CDFAD528608770003F79DB /* ChessGameUITestsLaunchTests.swift */ = {isa = PBXFileReference; lastKnownFileType = sourcecode.swift; path = ChessGameUITestsLaunchTests.swift; sourceTree = "<group>"; };
		C2E228182861587F00BF657F /* Pawn.swift */ = {isa = PBXFileReference; lastKnownFileType = sourcecode.swift; path = Pawn.swift; sourceTree = "<group>"; };
		C2E2282228615D6200BF657F /* StringConverter.swift */ = {isa = PBXFileReference; lastKnownFileType = sourcecode.swift; path = StringConverter.swift; sourceTree = "<group>"; };
/* End PBXFileReference section */

/* Begin PBXFrameworksBuildPhase section */
		C2CDFAAC2860876E003F79DB /* Frameworks */ = {
			isa = PBXFrameworksBuildPhase;
			buildActionMask = 2147483647;
			files = (
			);
			runOnlyForDeploymentPostprocessing = 0;
		};
		C2CDFAC228608770003F79DB /* Frameworks */ = {
			isa = PBXFrameworksBuildPhase;
			buildActionMask = 2147483647;
			files = (
			);
			runOnlyForDeploymentPostprocessing = 0;
		};
		C2CDFACC28608770003F79DB /* Frameworks */ = {
			isa = PBXFrameworksBuildPhase;
			buildActionMask = 2147483647;
			files = (
			);
			runOnlyForDeploymentPostprocessing = 0;
		};
/* End PBXFrameworksBuildPhase section */

/* Begin PBXGroup section */
		C2057FE028608886009F992E /* Models */ = {
			isa = PBXGroup;
			children = (
				C2E228172861584600BF657F /* Pieces */,
				C2057FE328608890009F992E /* Board.swift */,
				C2057FE128608890009F992E /* Match.swift */,
				C2057FE428608890009F992E /* Player.swift */,
				C2057FE228608890009F992E /* Position.swift */,
			);
			path = Models;
			sourceTree = "<group>";
		};
		C2057FE928608896009F992E /* Protocols */ = {
			isa = PBXGroup;
			children = (
				C2057FEB286088F6009F992E /* PieceType.swift */,
				C2057FED28608918009F992E /* Movable.swift */,
			);
			path = Protocols;
			sourceTree = "<group>";
		};
		C2CDFAA62860876E003F79DB = {
			isa = PBXGroup;
			children = (
				C2CDFAB12860876E003F79DB /* ChessGame */,
				C2CDFAC828608770003F79DB /* ChessGameTests */,
				C2CDFAD228608770003F79DB /* ChessGameUITests */,
				C2CDFAB02860876E003F79DB /* Products */,
			);
			sourceTree = "<group>";
		};
		C2CDFAB02860876E003F79DB /* Products */ = {
			isa = PBXGroup;
			children = (
				C2CDFAAF2860876E003F79DB /* ChessGame.app */,
				C2CDFAC528608770003F79DB /* ChessGameTests.xctest */,
				C2CDFACF28608770003F79DB /* ChessGameUITests.xctest */,
			);
			name = Products;
			sourceTree = "<group>";
		};
		C2CDFAB12860876E003F79DB /* ChessGame */ = {
			isa = PBXGroup;
			children = (
				C2E2281E28615AEC00BF657F /* Extensions */,
				C2E2281A28615A7B00BF657F /* Utilitys */,
				C2057FE928608896009F992E /* Protocols */,
				C2057FE028608886009F992E /* Models */,
				C2CDFAB22860876E003F79DB /* AppDelegate.swift */,
				C2CDFAB42860876E003F79DB /* SceneDelegate.swift */,
				C2CDFAB62860876E003F79DB /* ViewController.swift */,
				C2CDFAB82860876E003F79DB /* Main.storyboard */,
				C2CDFABB28608770003F79DB /* Assets.xcassets */,
				C2CDFABD28608770003F79DB /* LaunchScreen.storyboard */,
				C2CDFAC028608770003F79DB /* Info.plist */,
			);
			path = ChessGame;
			sourceTree = "<group>";
		};
		C2CDFAC828608770003F79DB /* ChessGameTests */ = {
			isa = PBXGroup;
			children = (
				C2CDFAC928608770003F79DB /* ChessGameTests.swift */,
			);
			path = ChessGameTests;
			sourceTree = "<group>";
		};
		C2CDFAD228608770003F79DB /* ChessGameUITests */ = {
			isa = PBXGroup;
			children = (
				C2CDFAD328608770003F79DB /* ChessGameUITests.swift */,
				C2CDFAD528608770003F79DB /* ChessGameUITestsLaunchTests.swift */,
			);
			path = ChessGameUITests;
			sourceTree = "<group>";
		};
		C2E228172861584600BF657F /* Pieces */ = {
			isa = PBXGroup;
			children = (
				C2E228182861587F00BF657F /* Pawn.swift */,
				C24D52952861A65200E4730D /* Bishop.swift */,
			);
			path = Pieces;
			sourceTree = "<group>";
		};
		C2E2281A28615A7B00BF657F /* Utilitys */ = {
			isa = PBXGroup;
			children = (
				C2E2282228615D6200BF657F /* StringConverter.swift */,
			);
			path = Utilitys;
			sourceTree = "<group>";
		};
		C2E2281E28615AEC00BF657F /* Extensions */ = {
			isa = PBXGroup;
			children = (
			);
			path = Extensions;
			sourceTree = "<group>";
		};
/* End PBXGroup section */

/* Begin PBXNativeTarget section */
		C2CDFAAE2860876E003F79DB /* ChessGame */ = {
			isa = PBXNativeTarget;
			buildConfigurationList = C2CDFAD928608770003F79DB /* Build configuration list for PBXNativeTarget "ChessGame" */;
			buildPhases = (
				C2CDFAAB2860876E003F79DB /* Sources */,
				C2CDFAAC2860876E003F79DB /* Frameworks */,
				C2CDFAAD2860876E003F79DB /* Resources */,
			);
			buildRules = (
			);
			dependencies = (
			);
			name = ChessGame;
			productName = ChessGame;
			productReference = C2CDFAAF2860876E003F79DB /* ChessGame.app */;
			productType = "com.apple.product-type.application";
		};
		C2CDFAC428608770003F79DB /* ChessGameTests */ = {
			isa = PBXNativeTarget;
			buildConfigurationList = C2CDFADC28608770003F79DB /* Build configuration list for PBXNativeTarget "ChessGameTests" */;
			buildPhases = (
				C2CDFAC128608770003F79DB /* Sources */,
				C2CDFAC228608770003F79DB /* Frameworks */,
				C2CDFAC328608770003F79DB /* Resources */,
			);
			buildRules = (
			);
			dependencies = (
				C2CDFAC728608770003F79DB /* PBXTargetDependency */,
			);
			name = ChessGameTests;
			productName = ChessGameTests;
			productReference = C2CDFAC528608770003F79DB /* ChessGameTests.xctest */;
			productType = "com.apple.product-type.bundle.unit-test";
		};
		C2CDFACE28608770003F79DB /* ChessGameUITests */ = {
			isa = PBXNativeTarget;
			buildConfigurationList = C2CDFADF28608770003F79DB /* Build configuration list for PBXNativeTarget "ChessGameUITests" */;
			buildPhases = (
				C2CDFACB28608770003F79DB /* Sources */,
				C2CDFACC28608770003F79DB /* Frameworks */,
				C2CDFACD28608770003F79DB /* Resources */,
			);
			buildRules = (
			);
			dependencies = (
				C2CDFAD128608770003F79DB /* PBXTargetDependency */,
			);
			name = ChessGameUITests;
			productName = ChessGameUITests;
			productReference = C2CDFACF28608770003F79DB /* ChessGameUITests.xctest */;
			productType = "com.apple.product-type.bundle.ui-testing";
		};
/* End PBXNativeTarget section */

/* Begin PBXProject section */
		C2CDFAA72860876E003F79DB /* Project object */ = {
			isa = PBXProject;
			attributes = {
				BuildIndependentTargetsInParallel = 1;
				LastSwiftUpdateCheck = 1340;
				LastUpgradeCheck = 1340;
				TargetAttributes = {
					C2CDFAAE2860876E003F79DB = {
						CreatedOnToolsVersion = 13.4.1;
					};
					C2CDFAC428608770003F79DB = {
						CreatedOnToolsVersion = 13.4.1;
						TestTargetID = C2CDFAAE2860876E003F79DB;
					};
					C2CDFACE28608770003F79DB = {
						CreatedOnToolsVersion = 13.4.1;
						TestTargetID = C2CDFAAE2860876E003F79DB;
					};
				};
			};
			buildConfigurationList = C2CDFAAA2860876E003F79DB /* Build configuration list for PBXProject "ChessGame" */;
			compatibilityVersion = "Xcode 13.0";
			developmentRegion = en;
			hasScannedForEncodings = 0;
			knownRegions = (
				en,
				Base,
			);
			mainGroup = C2CDFAA62860876E003F79DB;
			productRefGroup = C2CDFAB02860876E003F79DB /* Products */;
			projectDirPath = "";
			projectRoot = "";
			targets = (
				C2CDFAAE2860876E003F79DB /* ChessGame */,
				C2CDFAC428608770003F79DB /* ChessGameTests */,
				C2CDFACE28608770003F79DB /* ChessGameUITests */,
			);
		};
/* End PBXProject section */

/* Begin PBXResourcesBuildPhase section */
		C2CDFAAD2860876E003F79DB /* Resources */ = {
			isa = PBXResourcesBuildPhase;
			buildActionMask = 2147483647;
			files = (
				C2CDFABF28608770003F79DB /* LaunchScreen.storyboard in Resources */,
				C2CDFABC28608770003F79DB /* Assets.xcassets in Resources */,
				C2CDFABA2860876E003F79DB /* Main.storyboard in Resources */,
			);
			runOnlyForDeploymentPostprocessing = 0;
		};
		C2CDFAC328608770003F79DB /* Resources */ = {
			isa = PBXResourcesBuildPhase;
			buildActionMask = 2147483647;
			files = (
			);
			runOnlyForDeploymentPostprocessing = 0;
		};
		C2CDFACD28608770003F79DB /* Resources */ = {
			isa = PBXResourcesBuildPhase;
			buildActionMask = 2147483647;
			files = (
			);
			runOnlyForDeploymentPostprocessing = 0;
		};
/* End PBXResourcesBuildPhase section */

/* Begin PBXSourcesBuildPhase section */
		C2CDFAAB2860876E003F79DB /* Sources */ = {
			isa = PBXSourcesBuildPhase;
			buildActionMask = 2147483647;
			files = (
				C2E228192861587F00BF657F /* Pawn.swift in Sources */,
				C2CDFAB72860876E003F79DB /* ViewController.swift in Sources */,
				C2CDFAB32860876E003F79DB /* AppDelegate.swift in Sources */,
				C2057FE728608890009F992E /* Board.swift in Sources */,
				C2CDFAB52860876E003F79DB /* SceneDelegate.swift in Sources */,
				C2057FEC286088F6009F992E /* PieceType.swift in Sources */,
				C2057FEE28608918009F992E /* Movable.swift in Sources */,
				C2057FE828608890009F992E /* Player.swift in Sources */,
				C24D52962861A65200E4730D /* Bishop.swift in Sources */,
				C2057FE628608890009F992E /* Position.swift in Sources */,
				C2057FE528608890009F992E /* Match.swift in Sources */,
				C2E2282328615D6200BF657F /* StringConverter.swift in Sources */,
			);
			runOnlyForDeploymentPostprocessing = 0;
		};
		C2CDFAC128608770003F79DB /* Sources */ = {
			isa = PBXSourcesBuildPhase;
			buildActionMask = 2147483647;
			files = (
				C2057FF328608986009F992E /* Movable.swift in Sources */,
				C2CDFACA28608770003F79DB /* ChessGameTests.swift in Sources */,
				C2057FF228608984009F992E /* Position.swift in Sources */,
				C2057FF428608988009F992E /* PieceType.swift in Sources */,
				C2057FF02860897F009F992E /* Board.swift in Sources */,
				C24D52942861A0B800E4730D /* Pawn.swift in Sources */,
				C2057FF128608982009F992E /* Player.swift in Sources */,
				C2057FEF28608966009F992E /* Match.swift in Sources */,
				C2E2282428615D6300BF657F /* StringConverter.swift in Sources */,
			);
			runOnlyForDeploymentPostprocessing = 0;
		};
		C2CDFACB28608770003F79DB /* Sources */ = {
			isa = PBXSourcesBuildPhase;
			buildActionMask = 2147483647;
			files = (
				C2CDFAD428608770003F79DB /* ChessGameUITests.swift in Sources */,
				C2CDFAD628608770003F79DB /* ChessGameUITestsLaunchTests.swift in Sources */,
			);
			runOnlyForDeploymentPostprocessing = 0;
		};
/* End PBXSourcesBuildPhase section */

/* Begin PBXTargetDependency section */
		C2CDFAC728608770003F79DB /* PBXTargetDependency */ = {
			isa = PBXTargetDependency;
			target = C2CDFAAE2860876E003F79DB /* ChessGame */;
			targetProxy = C2CDFAC628608770003F79DB /* PBXContainerItemProxy */;
		};
		C2CDFAD128608770003F79DB /* PBXTargetDependency */ = {
			isa = PBXTargetDependency;
			target = C2CDFAAE2860876E003F79DB /* ChessGame */;
			targetProxy = C2CDFAD028608770003F79DB /* PBXContainerItemProxy */;
		};
/* End PBXTargetDependency section */

/* Begin PBXVariantGroup section */
		C2CDFAB82860876E003F79DB /* Main.storyboard */ = {
			isa = PBXVariantGroup;
			children = (
				C2CDFAB92860876E003F79DB /* Base */,
			);
			name = Main.storyboard;
			sourceTree = "<group>";
		};
		C2CDFABD28608770003F79DB /* LaunchScreen.storyboard */ = {
			isa = PBXVariantGroup;
			children = (
				C2CDFABE28608770003F79DB /* Base */,
			);
			name = LaunchScreen.storyboard;
			sourceTree = "<group>";
		};
/* End PBXVariantGroup section */

/* Begin XCBuildConfiguration section */
		C2CDFAD728608770003F79DB /* Debug */ = {
			isa = XCBuildConfiguration;
			buildSettings = {
				ALWAYS_SEARCH_USER_PATHS = NO;
				CLANG_ANALYZER_NONNULL = YES;
				CLANG_ANALYZER_NUMBER_OBJECT_CONVERSION = YES_AGGRESSIVE;
				CLANG_CXX_LANGUAGE_STANDARD = "gnu++17";
				CLANG_ENABLE_MODULES = YES;
				CLANG_ENABLE_OBJC_ARC = YES;
				CLANG_ENABLE_OBJC_WEAK = YES;
				CLANG_WARN_BLOCK_CAPTURE_AUTORELEASING = YES;
				CLANG_WARN_BOOL_CONVERSION = YES;
				CLANG_WARN_COMMA = YES;
				CLANG_WARN_CONSTANT_CONVERSION = YES;
				CLANG_WARN_DEPRECATED_OBJC_IMPLEMENTATIONS = YES;
				CLANG_WARN_DIRECT_OBJC_ISA_USAGE = YES_ERROR;
				CLANG_WARN_DOCUMENTATION_COMMENTS = YES;
				CLANG_WARN_EMPTY_BODY = YES;
				CLANG_WARN_ENUM_CONVERSION = YES;
				CLANG_WARN_INFINITE_RECURSION = YES;
				CLANG_WARN_INT_CONVERSION = YES;
				CLANG_WARN_NON_LITERAL_NULL_CONVERSION = YES;
				CLANG_WARN_OBJC_IMPLICIT_RETAIN_SELF = YES;
				CLANG_WARN_OBJC_LITERAL_CONVERSION = YES;
				CLANG_WARN_OBJC_ROOT_CLASS = YES_ERROR;
				CLANG_WARN_QUOTED_INCLUDE_IN_FRAMEWORK_HEADER = YES;
				CLANG_WARN_RANGE_LOOP_ANALYSIS = YES;
				CLANG_WARN_STRICT_PROTOTYPES = YES;
				CLANG_WARN_SUSPICIOUS_MOVE = YES;
				CLANG_WARN_UNGUARDED_AVAILABILITY = YES_AGGRESSIVE;
				CLANG_WARN_UNREACHABLE_CODE = YES;
				CLANG_WARN__DUPLICATE_METHOD_MATCH = YES;
				COPY_PHASE_STRIP = NO;
				DEBUG_INFORMATION_FORMAT = dwarf;
				ENABLE_STRICT_OBJC_MSGSEND = YES;
				ENABLE_TESTABILITY = YES;
				GCC_C_LANGUAGE_STANDARD = gnu11;
				GCC_DYNAMIC_NO_PIC = NO;
				GCC_NO_COMMON_BLOCKS = YES;
				GCC_OPTIMIZATION_LEVEL = 0;
				GCC_PREPROCESSOR_DEFINITIONS = (
					"DEBUG=1",
					"$(inherited)",
				);
				GCC_WARN_64_TO_32_BIT_CONVERSION = YES;
				GCC_WARN_ABOUT_RETURN_TYPE = YES_ERROR;
				GCC_WARN_UNDECLARED_SELECTOR = YES;
				GCC_WARN_UNINITIALIZED_AUTOS = YES_AGGRESSIVE;
				GCC_WARN_UNUSED_FUNCTION = YES;
				GCC_WARN_UNUSED_VARIABLE = YES;
				IPHONEOS_DEPLOYMENT_TARGET = 15.5;
				MTL_ENABLE_DEBUG_INFO = INCLUDE_SOURCE;
				MTL_FAST_MATH = YES;
				ONLY_ACTIVE_ARCH = YES;
				SDKROOT = iphoneos;
				SWIFT_ACTIVE_COMPILATION_CONDITIONS = DEBUG;
				SWIFT_OPTIMIZATION_LEVEL = "-Onone";
			};
			name = Debug;
		};
		C2CDFAD828608770003F79DB /* Release */ = {
			isa = XCBuildConfiguration;
			buildSettings = {
				ALWAYS_SEARCH_USER_PATHS = NO;
				CLANG_ANALYZER_NONNULL = YES;
				CLANG_ANALYZER_NUMBER_OBJECT_CONVERSION = YES_AGGRESSIVE;
				CLANG_CXX_LANGUAGE_STANDARD = "gnu++17";
				CLANG_ENABLE_MODULES = YES;
				CLANG_ENABLE_OBJC_ARC = YES;
				CLANG_ENABLE_OBJC_WEAK = YES;
				CLANG_WARN_BLOCK_CAPTURE_AUTORELEASING = YES;
				CLANG_WARN_BOOL_CONVERSION = YES;
				CLANG_WARN_COMMA = YES;
				CLANG_WARN_CONSTANT_CONVERSION = YES;
				CLANG_WARN_DEPRECATED_OBJC_IMPLEMENTATIONS = YES;
				CLANG_WARN_DIRECT_OBJC_ISA_USAGE = YES_ERROR;
				CLANG_WARN_DOCUMENTATION_COMMENTS = YES;
				CLANG_WARN_EMPTY_BODY = YES;
				CLANG_WARN_ENUM_CONVERSION = YES;
				CLANG_WARN_INFINITE_RECURSION = YES;
				CLANG_WARN_INT_CONVERSION = YES;
				CLANG_WARN_NON_LITERAL_NULL_CONVERSION = YES;
				CLANG_WARN_OBJC_IMPLICIT_RETAIN_SELF = YES;
				CLANG_WARN_OBJC_LITERAL_CONVERSION = YES;
				CLANG_WARN_OBJC_ROOT_CLASS = YES_ERROR;
				CLANG_WARN_QUOTED_INCLUDE_IN_FRAMEWORK_HEADER = YES;
				CLANG_WARN_RANGE_LOOP_ANALYSIS = YES;
				CLANG_WARN_STRICT_PROTOTYPES = YES;
				CLANG_WARN_SUSPICIOUS_MOVE = YES;
				CLANG_WARN_UNGUARDED_AVAILABILITY = YES_AGGRESSIVE;
				CLANG_WARN_UNREACHABLE_CODE = YES;
				CLANG_WARN__DUPLICATE_METHOD_MATCH = YES;
				COPY_PHASE_STRIP = NO;
				DEBUG_INFORMATION_FORMAT = "dwarf-with-dsym";
				ENABLE_NS_ASSERTIONS = NO;
				ENABLE_STRICT_OBJC_MSGSEND = YES;
				GCC_C_LANGUAGE_STANDARD = gnu11;
				GCC_NO_COMMON_BLOCKS = YES;
				GCC_WARN_64_TO_32_BIT_CONVERSION = YES;
				GCC_WARN_ABOUT_RETURN_TYPE = YES_ERROR;
				GCC_WARN_UNDECLARED_SELECTOR = YES;
				GCC_WARN_UNINITIALIZED_AUTOS = YES_AGGRESSIVE;
				GCC_WARN_UNUSED_FUNCTION = YES;
				GCC_WARN_UNUSED_VARIABLE = YES;
				IPHONEOS_DEPLOYMENT_TARGET = 15.5;
				MTL_ENABLE_DEBUG_INFO = NO;
				MTL_FAST_MATH = YES;
				SDKROOT = iphoneos;
				SWIFT_COMPILATION_MODE = wholemodule;
				SWIFT_OPTIMIZATION_LEVEL = "-O";
				VALIDATE_PRODUCT = YES;
			};
			name = Release;
		};
		C2CDFADA28608770003F79DB /* Debug */ = {
			isa = XCBuildConfiguration;
			buildSettings = {
				ASSETCATALOG_COMPILER_APPICON_NAME = AppIcon;
				ASSETCATALOG_COMPILER_GLOBAL_ACCENT_COLOR_NAME = AccentColor;
				CODE_SIGN_STYLE = Automatic;
				CURRENT_PROJECT_VERSION = 1;
				DEVELOPMENT_TEAM = 496PQ8GG3H;
				GENERATE_INFOPLIST_FILE = YES;
				INFOPLIST_FILE = ChessGame/Info.plist;
				INFOPLIST_KEY_UIApplicationSupportsIndirectInputEvents = YES;
				INFOPLIST_KEY_UILaunchStoryboardName = LaunchScreen;
				INFOPLIST_KEY_UIMainStoryboardFile = Main;
				INFOPLIST_KEY_UISupportedInterfaceOrientations_iPad = "UIInterfaceOrientationPortrait UIInterfaceOrientationPortraitUpsideDown UIInterfaceOrientationLandscapeLeft UIInterfaceOrientationLandscapeRight";
				INFOPLIST_KEY_UISupportedInterfaceOrientations_iPhone = "UIInterfaceOrientationPortrait UIInterfaceOrientationLandscapeLeft UIInterfaceOrientationLandscapeRight";
				LD_RUNPATH_SEARCH_PATHS = (
					"$(inherited)",
					"@executable_path/Frameworks",
				);
				MARKETING_VERSION = 1.0;
				PRODUCT_BUNDLE_IDENTIFIER = com.wlgusdn.ChessGame;
				PRODUCT_NAME = "$(TARGET_NAME)";
				SWIFT_EMIT_LOC_STRINGS = YES;
				SWIFT_VERSION = 5.0;
				TARGETED_DEVICE_FAMILY = "1,2";
			};
			name = Debug;
		};
		C2CDFADB28608770003F79DB /* Release */ = {
			isa = XCBuildConfiguration;
			buildSettings = {
				ASSETCATALOG_COMPILER_APPICON_NAME = AppIcon;
				ASSETCATALOG_COMPILER_GLOBAL_ACCENT_COLOR_NAME = AccentColor;
				CODE_SIGN_STYLE = Automatic;
				CURRENT_PROJECT_VERSION = 1;
				DEVELOPMENT_TEAM = 496PQ8GG3H;
				GENERATE_INFOPLIST_FILE = YES;
				INFOPLIST_FILE = ChessGame/Info.plist;
				INFOPLIST_KEY_UIApplicationSupportsIndirectInputEvents = YES;
				INFOPLIST_KEY_UILaunchStoryboardName = LaunchScreen;
				INFOPLIST_KEY_UIMainStoryboardFile = Main;
				INFOPLIST_KEY_UISupportedInterfaceOrientations_iPad = "UIInterfaceOrientationPortrait UIInterfaceOrientationPortraitUpsideDown UIInterfaceOrientationLandscapeLeft UIInterfaceOrientationLandscapeRight";
				INFOPLIST_KEY_UISupportedInterfaceOrientations_iPhone = "UIInterfaceOrientationPortrait UIInterfaceOrientationLandscapeLeft UIInterfaceOrientationLandscapeRight";
				LD_RUNPATH_SEARCH_PATHS = (
					"$(inherited)",
					"@executable_path/Frameworks",
				);
				MARKETING_VERSION = 1.0;
				PRODUCT_BUNDLE_IDENTIFIER = com.wlgusdn.ChessGame;
				PRODUCT_NAME = "$(TARGET_NAME)";
				SWIFT_EMIT_LOC_STRINGS = YES;
				SWIFT_VERSION = 5.0;
				TARGETED_DEVICE_FAMILY = "1,2";
			};
			name = Release;
		};
		C2CDFADD28608770003F79DB /* Debug */ = {
			isa = XCBuildConfiguration;
			buildSettings = {
				ALWAYS_EMBED_SWIFT_STANDARD_LIBRARIES = YES;
				BUNDLE_LOADER = "$(TEST_HOST)";
				CODE_SIGN_STYLE = Automatic;
				CURRENT_PROJECT_VERSION = 1;
				DEVELOPMENT_TEAM = 496PQ8GG3H;
				GENERATE_INFOPLIST_FILE = YES;
				IPHONEOS_DEPLOYMENT_TARGET = 15.5;
				MARKETING_VERSION = 1.0;
				PRODUCT_BUNDLE_IDENTIFIER = com.wlgusdn.ChessGameTests;
				PRODUCT_NAME = "$(TARGET_NAME)";
				SWIFT_EMIT_LOC_STRINGS = NO;
				SWIFT_VERSION = 5.0;
				TARGETED_DEVICE_FAMILY = "1,2";
				TEST_HOST = "$(BUILT_PRODUCTS_DIR)/ChessGame.app/ChessGame";
			};
			name = Debug;
		};
		C2CDFADE28608770003F79DB /* Release */ = {
			isa = XCBuildConfiguration;
			buildSettings = {
				ALWAYS_EMBED_SWIFT_STANDARD_LIBRARIES = YES;
				BUNDLE_LOADER = "$(TEST_HOST)";
				CODE_SIGN_STYLE = Automatic;
				CURRENT_PROJECT_VERSION = 1;
				DEVELOPMENT_TEAM = 496PQ8GG3H;
				GENERATE_INFOPLIST_FILE = YES;
				IPHONEOS_DEPLOYMENT_TARGET = 15.5;
				MARKETING_VERSION = 1.0;
				PRODUCT_BUNDLE_IDENTIFIER = com.wlgusdn.ChessGameTests;
				PRODUCT_NAME = "$(TARGET_NAME)";
				SWIFT_EMIT_LOC_STRINGS = NO;
				SWIFT_VERSION = 5.0;
				TARGETED_DEVICE_FAMILY = "1,2";
				TEST_HOST = "$(BUILT_PRODUCTS_DIR)/ChessGame.app/ChessGame";
			};
			name = Release;
		};
		C2CDFAE028608770003F79DB /* Debug */ = {
			isa = XCBuildConfiguration;
			buildSettings = {
				ALWAYS_EMBED_SWIFT_STANDARD_LIBRARIES = YES;
				CODE_SIGN_STYLE = Automatic;
				CURRENT_PROJECT_VERSION = 1;
				DEVELOPMENT_TEAM = 496PQ8GG3H;
				GENERATE_INFOPLIST_FILE = YES;
				MARKETING_VERSION = 1.0;
				PRODUCT_BUNDLE_IDENTIFIER = com.wlgusdn.ChessGameUITests;
				PRODUCT_NAME = "$(TARGET_NAME)";
				SWIFT_EMIT_LOC_STRINGS = NO;
				SWIFT_VERSION = 5.0;
				TARGETED_DEVICE_FAMILY = "1,2";
				TEST_TARGET_NAME = ChessGame;
			};
			name = Debug;
		};
		C2CDFAE128608770003F79DB /* Release */ = {
			isa = XCBuildConfiguration;
			buildSettings = {
				ALWAYS_EMBED_SWIFT_STANDARD_LIBRARIES = YES;
				CODE_SIGN_STYLE = Automatic;
				CURRENT_PROJECT_VERSION = 1;
				DEVELOPMENT_TEAM = 496PQ8GG3H;
				GENERATE_INFOPLIST_FILE = YES;
				MARKETING_VERSION = 1.0;
				PRODUCT_BUNDLE_IDENTIFIER = com.wlgusdn.ChessGameUITests;
				PRODUCT_NAME = "$(TARGET_NAME)";
				SWIFT_EMIT_LOC_STRINGS = NO;
				SWIFT_VERSION = 5.0;
				TARGETED_DEVICE_FAMILY = "1,2";
				TEST_TARGET_NAME = ChessGame;
			};
			name = Release;
		};
/* End XCBuildConfiguration section */

/* Begin XCConfigurationList section */
		C2CDFAAA2860876E003F79DB /* Build configuration list for PBXProject "ChessGame" */ = {
			isa = XCConfigurationList;
			buildConfigurations = (
				C2CDFAD728608770003F79DB /* Debug */,
				C2CDFAD828608770003F79DB /* Release */,
			);
			defaultConfigurationIsVisible = 0;
			defaultConfigurationName = Release;
		};
		C2CDFAD928608770003F79DB /* Build configuration list for PBXNativeTarget "ChessGame" */ = {
			isa = XCConfigurationList;
			buildConfigurations = (
				C2CDFADA28608770003F79DB /* Debug */,
				C2CDFADB28608770003F79DB /* Release */,
			);
			defaultConfigurationIsVisible = 0;
			defaultConfigurationName = Release;
		};
		C2CDFADC28608770003F79DB /* Build configuration list for PBXNativeTarget "ChessGameTests" */ = {
			isa = XCConfigurationList;
			buildConfigurations = (
				C2CDFADD28608770003F79DB /* Debug */,
				C2CDFADE28608770003F79DB /* Release */,
			);
			defaultConfigurationIsVisible = 0;
			defaultConfigurationName = Release;
		};
		C2CDFADF28608770003F79DB /* Build configuration list for PBXNativeTarget "ChessGameUITests" */ = {
			isa = XCConfigurationList;
			buildConfigurations = (
				C2CDFAE028608770003F79DB /* Debug */,
				C2CDFAE128608770003F79DB /* Release */,
			);
			defaultConfigurationIsVisible = 0;
			defaultConfigurationName = Release;
		};
/* End XCConfigurationList section */
	};
	rootObject = C2CDFAA72860876E003F79DB /* Project object */;
}
